
Microsoft Visual Studio Solution File, Format Version 11.00
# Visual Studio 2010
Project("{FAE04EC0-301F-11D3-BF4B-00C04F79EFBC}") = "JanuaConsole", "JanuaConsole.csproj", "{04337A1F-F5D5-4CE0-9B48-3FA3AA9E34A8}"
EndProject
Project("{FAE04EC0-301F-11D3-BF4B-00C04F79EFBC}") = "Core", "..\Core\Core.csproj", "{BC407C3F-6797-4D9C-967D-2D9C27BA940E}"
EndProject
Project("{FAE04EC0-301F-11D3-BF4B-00C04F79EFBC}") = "Util", "..\Util\Util.csproj", "{5FA9EF0E-4E25-4BF0-B16A-95C431AC5191}"
EndProject
Global
	GlobalSection(SolutionConfigurationPlatforms) = preSolution
		Debug|Any CPU = Debug|Any CPU
		Debug|Mixed Platforms = Debug|Mixed Platforms
		Debug|x86 = Debug|x86
		Release|Any CPU = Release|Any CPU
		Release|Mixed Platforms = Release|Mixed Platforms
		Release|x86 = Release|x86
	EndGlobalSection
	GlobalSection(ProjectConfigurationPlatforms) = postSolution
		{04337A1F-F5D5-4CE0-9B48-3FA3AA9E34A8}.Debug|Any CPU.ActiveCfg = Debug|x86
		{04337A1F-F5D5-4CE0-9B48-3FA3AA9E34A8}.Debug|Mixed Platforms.ActiveCfg = Debug|x86
		{04337A1F-F5D5-4CE0-9B48-3FA3AA9E34A8}.Debug|Mixed Platforms.Build.0 = Debug|x86
		{04337A1F-F5D5-4CE0-9B48-3FA3AA9E34A8}.Debug|x86.ActiveCfg = Debug|x86
		{04337A1F-F5D5-4CE0-9B48-3FA3AA9E34A8}.Debug|x86.Build.0 = Debug|x86
		{04337A1F-F5D5-4CE0-9B48-3FA3AA9E34A8}.Release|Any CPU.ActiveCfg = Release|x86
		{04337A1F-F5D5-4CE0-9B48-3FA3AA9E34A8}.Release|Mixed Platforms.ActiveCfg = Release|x86
		{04337A1F-F5D5-4CE0-9B48-3FA3AA9E34A8}.Release|Mixed Platforms.Build.0 = Release|x86
		{04337A1F-F5D5-4CE0-9B48-3FA3AA9E34A8}.Release|x86.ActiveCfg = Release|x86
		{04337A1F-F5D5-4CE0-9B48-3FA3AA9E34A8}.Release|x86.Build.0 = Release|x86
		{BC407C3F-6797-4D9C-967D-2D9C27BA940E}.Debug|Any CPU.ActiveCfg = Debug|Any CPU
		{BC407C3F-6797-4D9C-967D-2D9C27BA940E}.Debug|Any CPU.Build.0 = Debug|Any CPU
		{BC407C3F-6797-4D9C-967D-2D9C27BA940E}.Debug|Mixed Platforms.ActiveCfg = Debug|Any CPU
		{BC407C3F-6797-4D9C-967D-2D9C27BA940E}.Debug|Mixed Platforms.Build.0 = Debug|Any CPU
		{BC407C3F-6797-4D9C-967D-2D9C27BA940E}.Debug|x86.ActiveCfg = Debug|Any CPU
		{BC407C3F-6797-4D9C-967D-2D9C27BA940E}.Release|Any CPU.ActiveCfg = Release|Any CPU
		{BC407C3F-6797-4D9C-967D-2D9C27BA940E}.Release|Any CPU.Build.0 = Release|Any CPU
		{BC407C3F-6797-4D9C-967D-2D9C27BA940E}.Release|Mixed Platforms.ActiveCfg = Release|Any CPU
		{BC407C3F-6797-4D9C-967D-2D9C27BA940E}.Release|Mixed Platforms.Build.0 = Release|Any CPU
		{BC407C3F-6797-4D9C-967D-2D9C27BA940E}.Release|x86.ActiveCfg = Release|Any CPU
		{5FA9EF0E-4E25-4BF0-B16A-95C431AC5191}.Debug|Any CPU.ActiveCfg = Debug|Any CPU
		{5FA9EF0E-4E25-4BF0-B16A-95C431AC5191}.Debug|Any CPU.Build.0 = Debug|Any CPU
		{5FA9EF0E-4E25-4BF0-B16A-95C431AC5191}.Debug|Mixed Platforms.ActiveCfg = Debug|Any CPU
		{5FA9EF0E-4E25-4BF0-B16A-95C431AC5191}.Debug|Mixed Platforms.Build.0 = Debug|Any CPU
		{5FA9EF0E-4E25-4BF0-B16A-95C431AC5191}.Debug|x86.ActiveCfg = Debug|Any CPU
		{5FA9EF0E-4E25-4BF0-B16A-95C431AC5191}.Release|Any CPU.ActiveCfg = Release|Any CPU
		{5FA9EF0E-4E25-4BF0-B16A-95C431AC5191}.Release|Any CPU.Build.0 = Release|Any CPU
		{5FA9EF0E-4E25-4BF0-B16A-95C431AC5191}.Release|Mixed Platforms.ActiveCfg = Release|Any CPU
		{5FA9EF0E-4E25-4BF0-B16A-95C431AC5191}.Release|Mixed Platforms.Build.0 = Release|Any CPU
		{5FA9EF0E-4E25-4BF0-B16A-95C431AC5191}.Release|x86.ActiveCfg = Release|Any CPU
	EndGlobalSection
	GlobalSection(SolutionProperties) = preSolution
		HideSolutionNode = FALSE
	EndGlobalSection
EndGlobal
